{
    "_meta": {
        "hash": {
            "sha256": "e5094ad958c351756eba5411d4517e0f6644f2e15411ae14621d3e1b7acf7225"
        },
        "pipfile-spec": 6,
        "requires": {
            "python_version": "3.8"
        },
        "sources": [
            {
                "name": "pypi",
                "url": "https://pypi.org/simple",
                "verify_ssl": true
            }
        ]
    },
    "default": {
        "click": {
            "hashes": [
                "sha256:d2b5255c7c6349bc1bd1e59e08cd12acbbd63ce649f2588755783aa94dfb6b1a",
                "sha256:dacca89f4bfadd5de3d7489b7c8a566eee0d3676333fbb50030263894c38c0dc"
            ],
            "markers": "python_version >= '2.7' and python_version not in '3.0, 3.1, 3.2, 3.3, 3.4'",
            "version": "==7.1.2"
        },
        "pyqt5": {
            "hashes": [
                "sha256:29889845688a54d62820585ad5b2e0200a36b304ff3d7a555e95599f110ba4ce",
                "sha256:372b08dc9321d1201e4690182697c5e7ffb2e0770e6b4a45519025134b12e4fc",
                "sha256:894ca4ae767a8d6cf5903784b71f755073c78cb8c167eecf6e4ed6b3b055ac6a",
                "sha256:ea24f24b7679bf393dd2e4f53fe0ce65021be18304c1ff7a226c2fc5c356d0da",
                "sha256:faaecb76ec65e12673a968e7f5bc02495957e6996f0a3fa0d98895f9e4113746"
            ],
            "index": "pypi",
            "version": "==5.15.2"
        },
        "pyqt5-plugins": {
            "hashes": [
                "sha256:01b02ff26434aa1d0156c2d3ac791b68e579fe978ec5fd0ea97bfc05db4db41c",
                "sha256:2335df165f44d3ffffe9f14bf688e3092144008d8ade71b048c5a049044af100",
                "sha256:2d5912a172e38eaf849414c31d9d8acdf5d64a51e8fb9a7496efcdedc056d006",
                "sha256:5647b5144446e364b311d6693e7d297123967063ac979eb0edc4ca3adcbae569",
                "sha256:7024cd27c03e6fd14876cbf6d9e19317e86458a0ce1b2389b8c777f172d71a9e",
                "sha256:7ff8fb3b737cec5901684ea1b0d0d198a20cd97d97263fec5658f809b45a394d",
                "sha256:88a9d592f60a1b6006e5d5608f0f211621d6de2127977442c502cc9ed11beeb9",
                "sha256:99a0129c63734e34ad20f21173cbe64e42a21e832f5b7aa6fa885f1a7c6d65ce",
                "sha256:9c12cc199071499348af895482307f829c03f84fd21ec0cf38dbca4350c347f8",
                "sha256:9c560d4221d1ce1f613be63d597b0fac1fc0bd5e24e8b4c868f1eb1a6810624e",
                "sha256:a08124d706be97411b8abb15b8ed06e79d96dacf29d87e4ce56b2609cd1a0ad6",
                "sha256:a354da2f7511c02890bd97227cfbef220d2d238f12e4e0e49b608e6dac5fc2f4",
                "sha256:b4e9c08646ca9525c94b03c85fdd2dba74f40a5d618cf060e1a3e86a45ac539d",
                "sha256:cd5416a0ab0bd7791967a7683d9cc6a6d8d60dbb53b3c19e23c70cebe8006f60",
                "sha256:d53a48713597070fb5adb312ac2c59de50f12a164f65bd740a722b2c9968f38d"
            ],
            "markers": "python_version >= '3.5'",
            "version": "==5.15.2.2.0.1"
        },
        "pyqt5-sip": {
            "hashes": [
                "sha256:0304ca9114b9817a270f67f421355075b78ff9fc25ac58ffd72c2601109d2194",
                "sha256:0cd969be528c27bbd4755bd323dff4a79a8fdda28215364e6ce3e069cb56c2a9",
                "sha256:2f35e82fd7ec1e1f6716e9154721c7594956a4f5bd4f826d8c6a6453833cc2f0",
                "sha256:30e944db9abee9cc757aea16906d4198129558533eb7fadbe48c5da2bd18e0bd",
                "sha256:34dcd29be47553d5f016ff86e89e24cbc5eebae92eb2f96fb32d2d7ba028c43c",
                "sha256:5a011aeff89660622a6d5c3388d55a9d76932f3b82c95e82fc31abd8b1d2990d",
                "sha256:6c1ebee60f1d2b3c70aff866b7933d8d8d7646011f7c32f9321ee88c290aa4f9",
                "sha256:7b81382ce188d63890a0e35abe0f9bb946cabc873a31873b73583b0fc84ac115",
                "sha256:832fd60a264de4134c2824d393320838f3ab648180c9c357ec58a74524d24507",
                "sha256:84ba7746762bd223bed22428e8561aa267a229c28344c2d28c5d5d3f8970cffb",
                "sha256:9312ec47cac4e33c11503bc1cbeeb0bdae619620472f38e2078c5a51020a930f",
                "sha256:a1b8ef013086e224b8e86c93f880f776d01b59195bdfa2a8e0b23f0480678fec",
                "sha256:a29e2ac399429d3b7738f73e9081e50783e61ac5d29344e0802d0dcd6056c5a2",
                "sha256:b6d42250baec52a5f77de64e2951d001c5501c3a2df2179f625b241cbaec3369",
                "sha256:bb5a87b66fc1445915104ee97f7a20a69decb42f52803e3b0795fa17ff88226c",
                "sha256:c317ab1263e6417c498b81f5c970a9b1af7acefab1f80b4cc0f2f8e661f29fc5",
                "sha256:c9800729badcb247765e4ffe2241549d02da1fa435b9db224845bc37c3e99cb0",
                "sha256:c9d6d448c29dc6606bb7974696608f81f4316c8234f7c7216396ed110075e777",
                "sha256:da9c9f1e65b9d09e73bd75befc82961b6b61b5a3b9d0a7c832168e1415f163c6",
                "sha256:ed897c58acf4a3cdca61469daa31fe6e44c33c6c06a37c3f21fab31780b3b86a",
                "sha256:f168f0a7f32b81bfeffdf003c36f25d81c97dee5eb67072a5183e761fe250f13"
            ],
            "markers": "python_version >= '3.5'",
            "version": "==12.8.1"
        },
        "pyqt5-tools": {
            "hashes": [
                "sha256:a7388be05322ab69faa5380b9d0634a4037f8d83cf8097d494d52bf4941919da"
            ],
            "index": "pypi",
            "version": "==5.15.2.3.0.2"
        },
        "python-dotenv": {
            "hashes": [
                "sha256:0c8d1b80d1a1e91717ea7d526178e3882732420b03f08afea0406db6402e220e",
                "sha256:587825ed60b1711daea4832cf37524dfd404325b7db5e25ebe88c495c9f807a0"
            ],
            "version": "==0.15.0"
        },
        "qt5-applications": {
            "hashes": [
                "sha256:8a02edae16deea9377caef57ab07fc33776c851b13989255fe333cfbb044d61e",
                "sha256:a23048b33aca505aee0ee2d47145ef15c55eba5e4cc00881de1a1c96ee913661",
                "sha256:f1bc26fc6bda0a4956a0d205e3da0b292c6deeadf5d98b502023bc905acb34fb"
            ],
            "markers": "python_version >= '3.5'",
            "version": "==5.15.2.2.1"
        },
        "qt5-tools": {
            "hashes": [
                "sha256:d26f7acb778f5b05a88d55da67a9274f5cf84f54dc02869e027fea52c024489d"
            ],
            "markers": "python_version >= '3.5'",
            "version": "==5.15.2.1.0.1"
        }
    },
    "develop": {
        "yapf": {
            "hashes": [
                "sha256:408fb9a2b254c302f49db83c59f9aa0b4b0fd0ec25be3a5c51181327922ff63d",
                "sha256:e3a234ba8455fe201eaa649cdac872d590089a18b661e39bbac7020978dd9c2e"
            ],
            "index": "pypi",
            "version": "==0.31.0"
        }
    }
}
